dependencies:
- name: nginx-ingress
  repository: oci://ghcr.io/nginx/charts
  version: 2.5.0
- name: opentelemetry-collector
  repository: https://open-telemetry.github.io/opentelemetry-helm-charts
  version: 0.147.2
digest: sha256:d2ed3862933dcfa8c858430a2f6c666113fe66b941373e4a00d4fda15ce23557
generated: "2026-04-08T17:15:40.656411+02:00"
